github.com/piot/jsonrpc2 v0.0.0-20210220142131-b277991378fa h1:FtrijhH82PF6+ji/AMn7M1bgQjqwE9ByyODiemaDKq4=
github.com/piot/jsonrpc2 v0.0.0-20210220142131-b277991378fa/go.mod h1:s+tl/s19xr+adNH5UV+e6ULdl+HygO2nhYnFGqRZqXc=
github.com/sourcegraph/go-lsp v0.0.0-20200429204803-219e11d77f5d h1:afLbh+ltiygTOB37ymZVwKlJwWZn+86syPTbrrOAydY=
github.com/sourcegraph/go-lsp v0.0.0-20200429204803-219e11d77f5d/go.mod h1:SULmZY7YNBsvNiQbrb/BEDdEJ84TGnfyUQxaHt8t8rY=
