github.com/piot/go-lsp v0.0.0-20210308100331-e96ace6e5b0d h1:XkGEb71D8DWKbgsylRj3Gc5t/aX8VBskcGIsxaQVsis=
github.com/piot/go-lsp v0.0.0-20210308100331-e96ace6e5b0d/go.mod h1:o4Pvk+69/ymRoFZnzgXIIqegHGnAguo9UZR9nJpOf+o=
github.com/piot/jsonrpc2 v0.0.0-20210220142131-b277991378fa h1:FtrijhH82PF6+ji/AMn7M1bgQjqwE9ByyODiemaDKq4=
github.com/piot/jsonrpc2 v0.0.0-20210220142131-b277991378fa/go.mod h1:s+tl/s19xr+adNH5UV+e6ULdl+HygO2nhYnFGqRZqXc=
